
Microsoft Visual Studio Solution File, Format Version 12.00
# Visual Studio Version 17
VisualStudioVersion = 17.0.31903.59
MinimumVisualStudioVersion = 10.0.40219.1
Project("{FAE04EC0-301F-11D3-BF4B-00C04F79EFBC}") = "FixItFast.Api", "FixItFast.Api\FixItFast.Api.csproj", "{714FCA57-5435-4681-8272-5830FE825CCD}"
EndProject
Project("{FAE04EC0-301F-11D3-BF4B-00C04F79EFBC}") = "FixItFast.Application", "FixItFast.Application\FixItFast.Application.csproj", "{CE815DBF-78E1-4433-ADCC-A5C24AD5BD89}"
EndProject
Project("{FAE04EC0-301F-11D3-BF4B-00C04F79EFBC}") = "FixItFast.Domain", "FixItFast.Domain\FixItFast.Domain.csproj", "{1FC18EC7-273F-4555-AF48-38A34BEB12A7}"
EndProject
Project("{FAE04EC0-301F-11D3-BF4B-00C04F79EFBC}") = "FixItFast.Infrastructure", "FixItFast.Infrastructure\FixItFast.Infrastructure.csproj", "{19B27BFB-8B2A-4DFC-92FC-E995C75FABFC}"
EndProject
Project("{FAE04EC0-301F-11D3-BF4B-00C04F79EFBC}") = "FixItFast.Api.Tests", "FixItFast.Api.Tests\FixItFast.Api.Tests.csproj", "{AE403D49-D39F-4125-95AB-09154997ED3A}"
EndProject
Global
	GlobalSection(SolutionConfigurationPlatforms) = preSolution
		Debug|Any CPU = Debug|Any CPU
		Debug|x64 = Debug|x64
		Debug|x86 = Debug|x86
		Release|Any CPU = Release|Any CPU
		Release|x64 = Release|x64
		Release|x86 = Release|x86
	EndGlobalSection
	GlobalSection(ProjectConfigurationPlatforms) = postSolution
		{714FCA57-5435-4681-8272-5830FE825CCD}.Debug|Any CPU.ActiveCfg = Debug|Any CPU
		{714FCA57-5435-4681-8272-5830FE825CCD}.Debug|Any CPU.Build.0 = Debug|Any CPU
		{714FCA57-5435-4681-8272-5830FE825CCD}.Debug|x64.ActiveCfg = Debug|Any CPU
		{714FCA57-5435-4681-8272-5830FE825CCD}.Debug|x64.Build.0 = Debug|Any CPU
		{714FCA57-5435-4681-8272-5830FE825CCD}.Debug|x86.ActiveCfg = Debug|Any CPU
		{714FCA57-5435-4681-8272-5830FE825CCD}.Debug|x86.Build.0 = Debug|Any CPU
		{714FCA57-5435-4681-8272-5830FE825CCD}.Release|Any CPU.ActiveCfg = Release|Any CPU
		{714FCA57-5435-4681-8272-5830FE825CCD}.Release|Any CPU.Build.0 = Release|Any CPU
		{714FCA57-5435-4681-8272-5830FE825CCD}.Release|x64.ActiveCfg = Release|Any CPU
		{714FCA57-5435-4681-8272-5830FE825CCD}.Release|x64.Build.0 = Release|Any CPU
		{714FCA57-5435-4681-8272-5830FE825CCD}.Release|x86.ActiveCfg = Release|Any CPU
		{714FCA57-5435-4681-8272-5830FE825CCD}.Release|x86.Build.0 = Release|Any CPU
		{CE815DBF-78E1-4433-ADCC-A5C24AD5BD89}.Debug|Any CPU.ActiveCfg = Debug|Any CPU
		{CE815DBF-78E1-4433-ADCC-A5C24AD5BD89}.Debug|Any CPU.Build.0 = Debug|Any CPU
		{CE815DBF-78E1-4433-ADCC-A5C24AD5BD89}.Debug|x64.ActiveCfg = Debug|Any CPU
		{CE815DBF-78E1-4433-ADCC-A5C24AD5BD89}.Debug|x64.Build.0 = Debug|Any CPU
		{CE815DBF-78E1-4433-ADCC-A5C24AD5BD89}.Debug|x86.ActiveCfg = Debug|Any CPU
		{CE815DBF-78E1-4433-ADCC-A5C24AD5BD89}.Debug|x86.Build.0 = Debug|Any CPU
		{CE815DBF-78E1-4433-ADCC-A5C24AD5BD89}.Release|Any CPU.ActiveCfg = Release|Any CPU
		{CE815DBF-78E1-4433-ADCC-A5C24AD5BD89}.Release|Any CPU.Build.0 = Release|Any CPU
		{CE815DBF-78E1-4433-ADCC-A5C24AD5BD89}.Release|x64.ActiveCfg = Release|Any CPU
		{CE815DBF-78E1-4433-ADCC-A5C24AD5BD89}.Release|x64.Build.0 = Release|Any CPU
		{CE815DBF-78E1-4433-ADCC-A5C24AD5BD89}.Release|x86.ActiveCfg = Release|Any CPU
		{CE815DBF-78E1-4433-ADCC-A5C24AD5BD89}.Release|x86.Build.0 = Release|Any CPU
		{1FC18EC7-273F-4555-AF48-38A34BEB12A7}.Debug|Any CPU.ActiveCfg = Debug|Any CPU
		{1FC18EC7-273F-4555-AF48-38A34BEB12A7}.Debug|Any CPU.Build.0 = Debug|Any CPU
		{1FC18EC7-273F-4555-AF48-38A34BEB12A7}.Debug|x64.ActiveCfg = Debug|Any CPU
		{1FC18EC7-273F-4555-AF48-38A34BEB12A7}.Debug|x64.Build.0 = Debug|Any CPU
		{1FC18EC7-273F-4555-AF48-38A34BEB12A7}.Debug|x86.ActiveCfg = Debug|Any CPU
		{1FC18EC7-273F-4555-AF48-38A34BEB12A7}.Debug|x86.Build.0 = Debug|Any CPU
		{1FC18EC7-273F-4555-AF48-38A34BEB12A7}.Release|Any CPU.ActiveCfg = Release|Any CPU
		{1FC18EC7-273F-4555-AF48-38A34BEB12A7}.Release|Any CPU.Build.0 = Release|Any CPU
		{1FC18EC7-273F-4555-AF48-38A34BEB12A7}.Release|x64.ActiveCfg = Release|Any CPU
		{1FC18EC7-273F-4555-AF48-38A34BEB12A7}.Release|x64.Build.0 = Release|Any CPU
		{1FC18EC7-273F-4555-AF48-38A34BEB12A7}.Release|x86.ActiveCfg = Release|Any CPU
		{1FC18EC7-273F-4555-AF48-38A34BEB12A7}.Release|x86.Build.0 = Release|Any CPU
		{19B27BFB-8B2A-4DFC-92FC-E995C75FABFC}.Debug|Any CPU.ActiveCfg = Debug|Any CPU
		{19B27BFB-8B2A-4DFC-92FC-E995C75FABFC}.Debug|Any CPU.Build.0 = Debug|Any CPU
		{19B27BFB-8B2A-4DFC-92FC-E995C75FABFC}.Debug|x64.ActiveCfg = Debug|Any CPU
		{19B27BFB-8B2A-4DFC-92FC-E995C75FABFC}.Debug|x64.Build.0 = Debug|Any CPU
		{19B27BFB-8B2A-4DFC-92FC-E995C75FABFC}.Debug|x86.ActiveCfg = Debug|Any CPU
		{19B27BFB-8B2A-4DFC-92FC-E995C75FABFC}.Debug|x86.Build.0 = Debug|Any CPU
		{19B27BFB-8B2A-4DFC-92FC-E995C75FABFC}.Release|Any CPU.ActiveCfg = Release|Any CPU
		{19B27BFB-8B2A-4DFC-92FC-E995C75FABFC}.Release|Any CPU.Build.0 = Release|Any CPU
		{19B27BFB-8B2A-4DFC-92FC-E995C75FABFC}.Release|x64.ActiveCfg = Release|Any CPU
		{19B27BFB-8B2A-4DFC-92FC-E995C75FABFC}.Release|x64.Build.0 = Release|Any CPU
		{19B27BFB-8B2A-4DFC-92FC-E995C75FABFC}.Release|x86.ActiveCfg = Release|Any CPU
		{19B27BFB-8B2A-4DFC-92FC-E995C75FABFC}.Release|x86.Build.0 = Release|Any CPU
		{AE403D49-D39F-4125-95AB-09154997ED3A}.Debug|Any CPU.ActiveCfg = Debug|Any CPU
		{AE403D49-D39F-4125-95AB-09154997ED3A}.Debug|Any CPU.Build.0 = Debug|Any CPU
		{AE403D49-D39F-4125-95AB-09154997ED3A}.Debug|x64.ActiveCfg = Debug|Any CPU
		{AE403D49-D39F-4125-95AB-09154997ED3A}.Debug|x64.Build.0 = Debug|Any CPU
		{AE403D49-D39F-4125-95AB-09154997ED3A}.Debug|x86.ActiveCfg = Debug|Any CPU
		{AE403D49-D39F-4125-95AB-09154997ED3A}.Debug|x86.Build.0 = Debug|Any CPU
		{AE403D49-D39F-4125-95AB-09154997ED3A}.Release|Any CPU.ActiveCfg = Release|Any CPU
		{AE403D49-D39F-4125-95AB-09154997ED3A}.Release|Any CPU.Build.0 = Release|Any CPU
		{AE403D49-D39F-4125-95AB-09154997ED3A}.Release|x64.ActiveCfg = Release|Any CPU
		{AE403D49-D39F-4125-95AB-09154997ED3A}.Release|x64.Build.0 = Release|Any CPU
		{AE403D49-D39F-4125-95AB-09154997ED3A}.Release|x86.ActiveCfg = Release|Any CPU
		{AE403D49-D39F-4125-95AB-09154997ED3A}.Release|x86.Build.0 = Release|Any CPU
	EndGlobalSection
	GlobalSection(SolutionProperties) = preSolution
		HideSolutionNode = FALSE
	EndGlobalSection
EndGlobal
